<?xml version="1.0" encoding="utf-8"?>
<Project ToolsVersion="4.0" xmlns="http://schemas.microsoft.com/developer/msbuild/2003">
  <ItemGroup>
    <ClCompile Include="..\Source\Game\Game.cpp" />
    <ClCompile Include="..\Source\Game\GameWorld.cpp" />
    <ClCompile Include="..\Source\Game\stdafx.cpp" />
    <ClCompile Include="..\Source\Game\Utility\Collider.cpp">
      <Filter>Utility</Filter>
    </ClCompile>
    <ClCompile Include="..\Source\Game\Character.cpp" />
  </ItemGroup>
  <ItemGroup>
    <ClInclude Include="..\Source\Game\Game.h" />
    <ClInclude Include="..\Source\Game\GameWorld.h" />
    <ClInclude Include="..\Source\Game\resource.h" />
    <ClInclude Include="..\Source\Game\stdafx.h" />
    <ClInclude Include="..\Source\Game\targetver.h" />
    <ClInclude Include="..\Source\Game\Utility\Collider.h">
      <Filter>Utility</Filter>
    </ClInclude>
    <ClInclude Include="..\Source\Game\Character.h" />
  </ItemGroup>
  <ItemGroup>
    <Filter Include="Utility">
      <UniqueIdentifier>{7ec22a66-324f-4815-8d91-bfded3798fb1}</UniqueIdentifier>
    </Filter>
  </ItemGroup>
</Project>