<?xml version="1.0" encoding="utf-8"?>
<Project ToolsVersion="4.0" xmlns="http://schemas.microsoft.com/developer/msbuild/2003">
  <ItemGroup>
    <ClCompile Include="..\Source\Game\Game.cpp" />
    <ClCompile Include="..\Source\Game\GameWorld.cpp" />
    <ClCompile Include="..\Source\Game\stdafx.cpp" />
    <ClCompile Include="..\Source\Game\Character.cpp" />
    <ClCompile Include="..\Source\Game\Utility\Sprite\Sprite.cpp">
      <Filter>Utility\Sprite</Filter>
    </ClCompile>
    <ClCompile Include="..\Source\Game\Utility\GameObject\GameObject.cpp">
      <Filter>Utility\GameObject</Filter>
    </ClCompile>
    <ClCompile Include="..\Source\Game\Utility\UIElement\Button.cpp">
      <Filter>Utility\UIElement</Filter>
    </ClCompile>
    <ClCompile Include="..\Source\Game\Utility\BoxCollider.cpp">
      <Filter>Utility\Colision</Filter>
    </ClCompile>
    <ClCompile Include="..\Source\Game\Utility\CircleCollider.cpp">
      <Filter>Utility\Colision</Filter>
    </ClCompile>
    <ClCompile Include="..\Source\Game\Utility\Collider.cpp">
      <Filter>Utility\Colision</Filter>
    </ClCompile>
    <ClCompile Include="..\Source\Game\Utility\ColliderManager.cpp">
      <Filter>Utility\Managers</Filter>
    </ClCompile>
    <ClCompile Include="..\Source\Game\Threading\RenderCommander.cpp">
      <Filter>Threading</Filter>
    </ClCompile>
  </ItemGroup>
  <ItemGroup>
    <ClInclude Include="..\Source\Game\Game.h" />
    <ClInclude Include="..\Source\Game\GameWorld.h" />
    <ClInclude Include="..\Source\Game\resource.h" />
    <ClInclude Include="..\Source\Game\stdafx.h" />
    <ClInclude Include="..\Source\Game\targetver.h" />
    <ClInclude Include="..\Source\Game\Character.h" />
    <ClInclude Include="..\Source\Game\Utility\Sprite\Sprite.h">
      <Filter>Utility\Sprite</Filter>
    </ClInclude>
    <ClInclude Include="..\Source\Game\Utility\GameObject\GameObject.h">
      <Filter>Utility\GameObject</Filter>
    </ClInclude>
    <ClInclude Include="..\Source\Game\Utility\UIElement\Button.h">
      <Filter>Utility\UIElement</Filter>
    </ClInclude>
    <ClInclude Include="..\Source\Game\Utility\BoxCollider.h">
      <Filter>Utility\Colision</Filter>
    </ClInclude>
    <ClInclude Include="..\Source\Game\Utility\CircleCollider.h">
      <Filter>Utility\Colision</Filter>
    </ClInclude>
    <ClInclude Include="..\Source\Game\Utility\Collider.h">
      <Filter>Utility\Colision</Filter>
    </ClInclude>
    <ClInclude Include="..\Source\Game\Utility\ColliderManager.h">
      <Filter>Utility\Managers</Filter>
    </ClInclude>
    <ClInclude Include="..\Source\Game\Threading\RenderData.hpp">
      <Filter>Threading</Filter>
    </ClInclude>
    <ClInclude Include="..\Source\Game\Threading\RenderCommander.h">
      <Filter>Threading</Filter>
    </ClInclude>
  </ItemGroup>
  <ItemGroup>
    <Filter Include="Utility">
      <UniqueIdentifier>{7ec22a66-324f-4815-8d91-bfded3798fb1}</UniqueIdentifier>
    </Filter>
    <Filter Include="Utility\Sprite">
      <UniqueIdentifier>{bd9315a2-0113-426d-b1fe-d9a5b100db40}</UniqueIdentifier>
    </Filter>
    <Filter Include="Utility\GameObject">
      <UniqueIdentifier>{7c30cbb4-600c-4296-9228-792528d80d99}</UniqueIdentifier>
    </Filter>
    <Filter Include="Utility\UIElement">
      <UniqueIdentifier>{a2efb57a-207d-4a06-977b-513f793bb84b}</UniqueIdentifier>
    </Filter>
    <Filter Include="Utility\Colision">
      <UniqueIdentifier>{49cd3645-35ee-43cb-badf-bfc72fc05eff}</UniqueIdentifier>
    </Filter>
    <Filter Include="Utility\Managers">
      <UniqueIdentifier>{b43f8488-8658-4588-8d8f-69067978f9e4}</UniqueIdentifier>
    </Filter>
    <Filter Include="Threading">
      <UniqueIdentifier>{9ddfcce5-17ce-4b6e-85d7-89a6adba8850}</UniqueIdentifier>
    </Filter>
  </ItemGroup>
</Project>